{
  "originHash" : "c01f41b3c707e68e69dc8df6b6ce67a76ea21436fb2634a0595e2666decaaaf6",
  "pins" : [
    {
      "identity" : "dependency",
      "kind" : "remoteSourceControl",
      "location" : "https://github.com/chFlorian/Dependency",
      "state" : {
        "revision" : "aa9b0323432eb7b27ef1ecbf5193e73caf50d064",
        "version" : "1.0.0"
      }
    }
  ],
  "version" : 3
}
